
Microsoft Visual Studio Solution File, Format Version 12.00
# Visual Studio Version 17
VisualStudioVersion = 17.13.35919.96 d17.13
MinimumVisualStudioVersion = 10.0.40219.1
Project("{FAE04EC0-301F-11D3-BF4B-00C04F79EFBC}") = "ExamWeb_NguyenMinhQuan", "ExamWeb_NguyenMinhQuan\ExamWeb_NguyenMinhQuan.csproj", "{6043A1FF-43D7-4EB4-B135-49E768C59C0C}"
EndProject
Global
	GlobalSection(SolutionConfigurationPlatforms) = preSolution
		Debug|Any CPU = Debug|Any CPU
		Release|Any CPU = Release|Any CPU
	EndGlobalSection
	GlobalSection(ProjectConfigurationPlatforms) = postSolution
		{6043A1FF-43D7-4EB4-B135-49E768C59C0C}.Debug|Any CPU.ActiveCfg = Debug|Any CPU
		{6043A1FF-43D7-4EB4-B135-49E768C59C0C}.Debug|Any CPU.Build.0 = Debug|Any CPU
		{6043A1FF-43D7-4EB4-B135-49E768C59C0C}.Release|Any CPU.ActiveCfg = Release|Any CPU
		{6043A1FF-43D7-4EB4-B135-49E768C59C0C}.Release|Any CPU.Build.0 = Release|Any CPU
	EndGlobalSection
	GlobalSection(SolutionProperties) = preSolution
		HideSolutionNode = FALSE
	EndGlobalSection
	GlobalSection(ExtensibilityGlobals) = postSolution
		SolutionGuid = {8BB594A4-5474-4DCE-9C73-CFE573408FFF}
	EndGlobalSection
EndGlobal
